
Microsoft Visual Studio Solution File, Format Version 12.00
# Visual Studio Version 16
VisualStudioVersion = 16.0.31624.102
MinimumVisualStudioVersion = 10.0.40219.1
Project("{8BC9CEB8-8B4A-11D0-8D11-00A0C91BC942}") = "Классы(дз)", "Классы(дз)\Классы(дз).vcxproj", "{560F6714-D1FA-4372-ADDF-4BF5BC0B26C1}"
EndProject
Global
	GlobalSection(SolutionConfigurationPlatforms) = preSolution
		Debug|x64 = Debug|x64
		Debug|x86 = Debug|x86
		Release|x64 = Release|x64
		Release|x86 = Release|x86
	EndGlobalSection
	GlobalSection(ProjectConfigurationPlatforms) = postSolution
		{560F6714-D1FA-4372-ADDF-4BF5BC0B26C1}.Debug|x64.ActiveCfg = Debug|x64
		{560F6714-D1FA-4372-ADDF-4BF5BC0B26C1}.Debug|x64.Build.0 = Debug|x64
		{560F6714-D1FA-4372-ADDF-4BF5BC0B26C1}.Debug|x86.ActiveCfg = Debug|Win32
		{560F6714-D1FA-4372-ADDF-4BF5BC0B26C1}.Debug|x86.Build.0 = Debug|Win32
		{560F6714-D1FA-4372-ADDF-4BF5BC0B26C1}.Release|x64.ActiveCfg = Release|x64
		{560F6714-D1FA-4372-ADDF-4BF5BC0B26C1}.Release|x64.Build.0 = Release|x64
		{560F6714-D1FA-4372-ADDF-4BF5BC0B26C1}.Release|x86.ActiveCfg = Release|Win32
		{560F6714-D1FA-4372-ADDF-4BF5BC0B26C1}.Release|x86.Build.0 = Release|Win32
	EndGlobalSection
	GlobalSection(SolutionProperties) = preSolution
		HideSolutionNode = FALSE
	EndGlobalSection
	GlobalSection(ExtensibilityGlobals) = postSolution
		SolutionGuid = {8CA90A11-2EF7-47B0-92C7-CD763BC6E39D}
	EndGlobalSection
EndGlobal
